
Microsoft Visual Studio Solution File, Format Version 12.00
# Visual Studio Version 17
VisualStudioVersion = 17.5.33414.496
MinimumVisualStudioVersion = 10.0.40219.1
Project("{FAE04EC0-301F-11D3-BF4B-00C04F79EFBC}") = "while1", "while1\while1.csproj", "{E9DDB3F1-D338-40EF-8382-0311FEB4175B}"
EndProject
Global
	GlobalSection(SolutionConfigurationPlatforms) = preSolution
		Debug|Any CPU = Debug|Any CPU
		Release|Any CPU = Release|Any CPU
	EndGlobalSection
	GlobalSection(ProjectConfigurationPlatforms) = postSolution
		{E9DDB3F1-D338-40EF-8382-0311FEB4175B}.Debug|Any CPU.ActiveCfg = Debug|Any CPU
		{E9DDB3F1-D338-40EF-8382-0311FEB4175B}.Debug|Any CPU.Build.0 = Debug|Any CPU
		{E9DDB3F1-D338-40EF-8382-0311FEB4175B}.Release|Any CPU.ActiveCfg = Release|Any CPU
		{E9DDB3F1-D338-40EF-8382-0311FEB4175B}.Release|Any CPU.Build.0 = Release|Any CPU
	EndGlobalSection
	GlobalSection(SolutionProperties) = preSolution
		HideSolutionNode = FALSE
	EndGlobalSection
	GlobalSection(ExtensibilityGlobals) = postSolution
		SolutionGuid = {917251FF-3629-4BE9-87D7-188E04A1B424}
	EndGlobalSection
EndGlobal
