
Microsoft Visual Studio Solution File, Format Version 12.00
# Visual Studio Version 17
VisualStudioVersion = 17.5.33414.496
MinimumVisualStudioVersion = 10.0.40219.1
Project("{FAE04EC0-301F-11D3-BF4B-00C04F79EFBC}") = "atHome", "atHome\atHome.csproj", "{DCE51C8B-8788-4653-99FE-233B48D8D4C8}"
EndProject
Global
	GlobalSection(SolutionConfigurationPlatforms) = preSolution
		Debug|Any CPU = Debug|Any CPU
		Release|Any CPU = Release|Any CPU
	EndGlobalSection
	GlobalSection(ProjectConfigurationPlatforms) = postSolution
		{DCE51C8B-8788-4653-99FE-233B48D8D4C8}.Debug|Any CPU.ActiveCfg = Debug|Any CPU
		{DCE51C8B-8788-4653-99FE-233B48D8D4C8}.Debug|Any CPU.Build.0 = Debug|Any CPU
		{DCE51C8B-8788-4653-99FE-233B48D8D4C8}.Release|Any CPU.ActiveCfg = Release|Any CPU
		{DCE51C8B-8788-4653-99FE-233B48D8D4C8}.Release|Any CPU.Build.0 = Release|Any CPU
	EndGlobalSection
	GlobalSection(SolutionProperties) = preSolution
		HideSolutionNode = FALSE
	EndGlobalSection
	GlobalSection(ExtensibilityGlobals) = postSolution
		SolutionGuid = {A652C0FF-9E29-4A4C-BBE0-5DB49743B01D}
	EndGlobalSection
EndGlobal
